
Microsoft Visual Studio Solution File, Format Version 12.00
# Visual Studio Version 16
VisualStudioVersion = 16.0.31321.278
MinimumVisualStudioVersion = 10.0.40219.1
Project("{FAE04EC0-301F-11D3-BF4B-00C04F79EFBC}") = "Task03FebFE", "task03Feb\Task03FebFE.csproj", "{74137655-E23A-4285-8FBA-0A4D0BC95D0A}"
EndProject
Project("{FAE04EC0-301F-11D3-BF4B-00C04F79EFBC}") = "Task03FebDALEFLibrary", "task03FebDALEF\Task03FebDALEFLibrary.csproj", "{D9EAED88-27E3-4DA3-8BD9-0C046AC8D5C3}"
EndProject
Project("{FAE04EC0-301F-11D3-BF4B-00C04F79EFBC}") = "Task03FebModelsLibrary", "task03FebModelsLibrary\Task03FebModelsLibrary.csproj", "{338547F9-B11D-4F51-B429-00FC94DE4427}"
EndProject
Global
	GlobalSection(SolutionConfigurationPlatforms) = preSolution
		Debug|Any CPU = Debug|Any CPU
		Release|Any CPU = Release|Any CPU
	EndGlobalSection
	GlobalSection(ProjectConfigurationPlatforms) = postSolution
		{74137655-E23A-4285-8FBA-0A4D0BC95D0A}.Debug|Any CPU.ActiveCfg = Debug|Any CPU
		{74137655-E23A-4285-8FBA-0A4D0BC95D0A}.Debug|Any CPU.Build.0 = Debug|Any CPU
		{74137655-E23A-4285-8FBA-0A4D0BC95D0A}.Release|Any CPU.ActiveCfg = Release|Any CPU
		{74137655-E23A-4285-8FBA-0A4D0BC95D0A}.Release|Any CPU.Build.0 = Release|Any CPU
		{D9EAED88-27E3-4DA3-8BD9-0C046AC8D5C3}.Debug|Any CPU.ActiveCfg = Debug|Any CPU
		{D9EAED88-27E3-4DA3-8BD9-0C046AC8D5C3}.Debug|Any CPU.Build.0 = Debug|Any CPU
		{D9EAED88-27E3-4DA3-8BD9-0C046AC8D5C3}.Release|Any CPU.ActiveCfg = Release|Any CPU
		{D9EAED88-27E3-4DA3-8BD9-0C046AC8D5C3}.Release|Any CPU.Build.0 = Release|Any CPU
		{338547F9-B11D-4F51-B429-00FC94DE4427}.Debug|Any CPU.ActiveCfg = Debug|Any CPU
		{338547F9-B11D-4F51-B429-00FC94DE4427}.Debug|Any CPU.Build.0 = Debug|Any CPU
		{338547F9-B11D-4F51-B429-00FC94DE4427}.Release|Any CPU.ActiveCfg = Release|Any CPU
		{338547F9-B11D-4F51-B429-00FC94DE4427}.Release|Any CPU.Build.0 = Release|Any CPU
	EndGlobalSection
	GlobalSection(SolutionProperties) = preSolution
		HideSolutionNode = FALSE
	EndGlobalSection
	GlobalSection(ExtensibilityGlobals) = postSolution
		SolutionGuid = {3429A14B-F5FC-4A7D-A078-5FF4FC414F96}
	EndGlobalSection
EndGlobal
