
Microsoft Visual Studio Solution File, Format Version 12.00
# Visual Studio Version 17
VisualStudioVersion = 17.0.32126.317
MinimumVisualStudioVersion = 10.0.40219.1
Project("{FAE04EC0-301F-11D3-BF4B-00C04F79EFBC}") = "PizzaApplication", "PizzaApplication\PizzaApplication.csproj", "{30339E79-E2C7-46FC-9317-CE5DA636F1B8}"
EndProject
Global
	GlobalSection(SolutionConfigurationPlatforms) = preSolution
		Debug|Any CPU = Debug|Any CPU
		Release|Any CPU = Release|Any CPU
	EndGlobalSection
	GlobalSection(ProjectConfigurationPlatforms) = postSolution
		{30339E79-E2C7-46FC-9317-CE5DA636F1B8}.Debug|Any CPU.ActiveCfg = Debug|Any CPU
		{30339E79-E2C7-46FC-9317-CE5DA636F1B8}.Debug|Any CPU.Build.0 = Debug|Any CPU
		{30339E79-E2C7-46FC-9317-CE5DA636F1B8}.Release|Any CPU.ActiveCfg = Release|Any CPU
		{30339E79-E2C7-46FC-9317-CE5DA636F1B8}.Release|Any CPU.Build.0 = Release|Any CPU
	EndGlobalSection
	GlobalSection(SolutionProperties) = preSolution
		HideSolutionNode = FALSE
	EndGlobalSection
	GlobalSection(ExtensibilityGlobals) = postSolution
		SolutionGuid = {6C1457C4-8B61-4DC8-B108-DC61C0E6126A}
	EndGlobalSection
EndGlobal
